// !$*UTF8*$!
{
	archiveVersion = 1;
	classes = {
	};
	objectVersion = 48;
	objects = {

/* Begin PBXBuildFile section */
		FD1DC79A202BA6BC002C32B6 /* main.cpp in Sources */ = {isa = PBXBuildFile; fileRef = FD1DC799202BA6BC002C32B6 /* main.cpp */; };
		FD1DC7A2202BA9FA002C32B6 /* reverseString.cpp in Sources */ = {isa = PBXBuildFile; fileRef = FD1DC7A0202BA9FA002C32B6 /* reverseString.cpp */; };
		FD1DC7A5202BAAAE002C32B6 /* triangularNumber.cpp in Sources */ = {isa = PBXBuildFile; fileRef = FD1DC7A3202BAAAE002C32B6 /* triangularNumber.cpp */; };
		FD1DC7A8202BAC1D002C32B6 /* sumOfArray.cpp in Sources */ = {isa = PBXBuildFile; fileRef = FD1DC7A6202BAC1D002C32B6 /* sumOfArray.cpp */; };
/* End PBXBuildFile section */

/* Begin PBXCopyFilesBuildPhase section */
		FD1DC794202BA6BC002C32B6 /* CopyFiles */ = {
			isa = PBXCopyFilesBuildPhase;
			buildActionMask = 2147483647;
			dstPath = /usr/share/man/man1/;
			dstSubfolderSpec = 0;
			files = (
			);
			runOnlyForDeploymentPostprocessing = 1;
		};
/* End PBXCopyFilesBuildPhase section */

/* Begin PBXFileReference section */
		FD1DC796202BA6BC002C32B6 /* lab5 */ = {isa = PBXFileReference; explicitFileType = "compiled.mach-o.executable"; includeInIndex = 0; path = lab5; sourceTree = BUILT_PRODUCTS_DIR; };
		FD1DC799202BA6BC002C32B6 /* main.cpp */ = {isa = PBXFileReference; lastKnownFileType = sourcecode.cpp.cpp; path = main.cpp; sourceTree = "<group>"; };
		FD1DC7A0202BA9FA002C32B6 /* reverseString.cpp */ = {isa = PBXFileReference; lastKnownFileType = sourcecode.cpp.cpp; path = reverseString.cpp; sourceTree = "<group>"; };
		FD1DC7A1202BA9FA002C32B6 /* reverseString.hpp */ = {isa = PBXFileReference; lastKnownFileType = sourcecode.cpp.h; path = reverseString.hpp; sourceTree = "<group>"; };
		FD1DC7A3202BAAAE002C32B6 /* triangularNumber.cpp */ = {isa = PBXFileReference; lastKnownFileType = sourcecode.cpp.cpp; path = triangularNumber.cpp; sourceTree = "<group>"; };
		FD1DC7A4202BAAAE002C32B6 /* triangularNumber.hpp */ = {isa = PBXFileReference; lastKnownFileType = sourcecode.cpp.h; path = triangularNumber.hpp; sourceTree = "<group>"; };
		FD1DC7A6202BAC1D002C32B6 /* sumOfArray.cpp */ = {isa = PBXFileReference; lastKnownFileType = sourcecode.cpp.cpp; path = sumOfArray.cpp; sourceTree = "<group>"; };
		FD1DC7A7202BAC1D002C32B6 /* sumOfArray.hpp */ = {isa = PBXFileReference; lastKnownFileType = sourcecode.cpp.h; path = sumOfArray.hpp; sourceTree = "<group>"; };
/* End PBXFileReference section */

/* Begin PBXFrameworksBuildPhase section */
		FD1DC793202BA6BC002C32B6 /* Frameworks */ = {
			isa = PBXFrameworksBuildPhase;
			buildActionMask = 2147483647;
			files = (
			);
			runOnlyForDeploymentPostprocessing = 0;
		};
/* End PBXFrameworksBuildPhase section */

/* Begin PBXGroup section */
		FD1DC78D202BA6BC002C32B6 = {
			isa = PBXGroup;
			children = (
				FD1DC798202BA6BC002C32B6 /* lab5 */,
				FD1DC797202BA6BC002C32B6 /* Products */,
			);
			sourceTree = "<group>";
		};
		FD1DC797202BA6BC002C32B6 /* Products */ = {
			isa = PBXGroup;
			children = (
				FD1DC796202BA6BC002C32B6 /* lab5 */,
			);
			name = Products;
			sourceTree = "<group>";
		};
		FD1DC798202BA6BC002C32B6 /* lab5 */ = {
			isa = PBXGroup;
			children = (
				FD1DC799202BA6BC002C32B6 /* main.cpp */,
				FD1DC7A0202BA9FA002C32B6 /* reverseString.cpp */,
				FD1DC7A3202BAAAE002C32B6 /* triangularNumber.cpp */,
				FD1DC7A4202BAAAE002C32B6 /* triangularNumber.hpp */,
				FD1DC7A1202BA9FA002C32B6 /* reverseString.hpp */,
				FD1DC7A6202BAC1D002C32B6 /* sumOfArray.cpp */,
				FD1DC7A7202BAC1D002C32B6 /* sumOfArray.hpp */,
			);
			path = lab5;
			sourceTree = "<group>";
		};
/* End PBXGroup section */

/* Begin PBXNativeTarget section */
		FD1DC795202BA6BC002C32B6 /* lab5 */ = {
			isa = PBXNativeTarget;
			buildConfigurationList = FD1DC79D202BA6BC002C32B6 /* Build configuration list for PBXNativeTarget "lab5" */;
			buildPhases = (
				FD1DC792202BA6BC002C32B6 /* Sources */,
				FD1DC793202BA6BC002C32B6 /* Frameworks */,
				FD1DC794202BA6BC002C32B6 /* CopyFiles */,
			);
			buildRules = (
			);
			dependencies = (
			);
			name = lab5;
			productName = lab5;
			productReference = FD1DC796202BA6BC002C32B6 /* lab5 */;
			productType = "com.apple.product-type.tool";
		};
/* End PBXNativeTarget section */

/* Begin PBXProject section */
		FD1DC78E202BA6BC002C32B6 /* Project object */ = {
			isa = PBXProject;
			attributes = {
				LastUpgradeCheck = 0920;
				ORGANIZATIONNAME = "Xavier Elon Hollingsworth";
				TargetAttributes = {
					FD1DC795202BA6BC002C32B6 = {
						CreatedOnToolsVersion = 9.2;
						ProvisioningStyle = Automatic;
					};
				};
			};
			buildConfigurationList = FD1DC791202BA6BC002C32B6 /* Build configuration list for PBXProject "lab5" */;
			compatibilityVersion = "Xcode 8.0";
			developmentRegion = en;
			hasScannedForEncodings = 0;
			knownRegions = (
				en,
			);
			mainGroup = FD1DC78D202BA6BC002C32B6;
			productRefGroup = FD1DC797202BA6BC002C32B6 /* Products */;
			projectDirPath = "";
			projectRoot = "";
			targets = (
				FD1DC795202BA6BC002C32B6 /* lab5 */,
			);
		};
/* End PBXProject section */

/* Begin PBXSourcesBuildPhase section */
		FD1DC792202BA6BC002C32B6 /* Sources */ = {
			isa = PBXSourcesBuildPhase;
			buildActionMask = 2147483647;
			files = (
				FD1DC7A8202BAC1D002C32B6 /* sumOfArray.cpp in Sources */,
				FD1DC7A5202BAAAE002C32B6 /* triangularNumber.cpp in Sources */,
				FD1DC79A202BA6BC002C32B6 /* main.cpp in Sources */,
				FD1DC7A2202BA9FA002C32B6 /* reverseString.cpp in Sources */,
			);
			runOnlyForDeploymentPostprocessing = 0;
		};
/* End PBXSourcesBuildPhase section */

/* Begin XCBuildConfiguration section */
		FD1DC79B202BA6BC002C32B6 /* Debug */ = {
			isa = XCBuildConfiguration;
			buildSettings = {
				ALWAYS_SEARCH_USER_PATHS = NO;
				CLANG_ANALYZER_NONNULL = YES;
				CLANG_ANALYZER_NUMBER_OBJECT_CONVERSION = YES_AGGRESSIVE;
				CLANG_CXX_LANGUAGE_STANDARD = "gnu++14";
				CLANG_CXX_LIBRARY = "libc++";
				CLANG_ENABLE_MODULES = YES;
				CLANG_ENABLE_OBJC_ARC = YES;
				CLANG_WARN_BLOCK_CAPTURE_AUTORELEASING = YES;
				CLANG_WARN_BOOL_CONVERSION = YES;
				CLANG_WARN_COMMA = YES;
				CLANG_WARN_CONSTANT_CONVERSION = YES;
				CLANG_WARN_DIRECT_OBJC_ISA_USAGE = YES_ERROR;
				CLANG_WARN_DOCUMENTATION_COMMENTS = YES;
				CLANG_WARN_EMPTY_BODY = YES;
				CLANG_WARN_ENUM_CONVERSION = YES;
				CLANG_WARN_INFINITE_RECURSION = YES;
				CLANG_WARN_INT_CONVERSION = YES;
				CLANG_WARN_NON_LITERAL_NULL_CONVERSION = YES;
				CLANG_WARN_OBJC_LITERAL_CONVERSION = YES;
				CLANG_WARN_OBJC_ROOT_CLASS = YES_ERROR;
				CLANG_WARN_RANGE_LOOP_ANALYSIS = YES;
				CLANG_WARN_STRICT_PROTOTYPES = YES;
				CLANG_WARN_SUSPICIOUS_MOVE = YES;
				CLANG_WARN_UNGUARDED_AVAILABILITY = YES_AGGRESSIVE;
				CLANG_WARN_UNREACHABLE_CODE = YES;
				CLANG_WARN__DUPLICATE_METHOD_MATCH = YES;
				CODE_SIGN_IDENTITY = "Mac Developer";
				COPY_PHASE_STRIP = NO;
				DEBUG_INFORMATION_FORMAT = dwarf;
				ENABLE_STRICT_OBJC_MSGSEND = YES;
				ENABLE_TESTABILITY = YES;
				GCC_C_LANGUAGE_STANDARD = gnu11;
				GCC_DYNAMIC_NO_PIC = NO;
				GCC_NO_COMMON_BLOCKS = YES;
				GCC_OPTIMIZATION_LEVEL = 0;
				GCC_PREPROCESSOR_DEFINITIONS = (
					"DEBUG=1",
					"$(inherited)",
				);
				GCC_WARN_64_TO_32_BIT_CONVERSION = YES;
				GCC_WARN_ABOUT_RETURN_TYPE = YES_ERROR;
				GCC_WARN_UNDECLARED_SELECTOR = YES;
				GCC_WARN_UNINITIALIZED_AUTOS = YES_AGGRESSIVE;
				GCC_WARN_UNUSED_FUNCTION = YES;
				GCC_WARN_UNUSED_VARIABLE = YES;
				MACOSX_DEPLOYMENT_TARGET = 10.13;
				MTL_ENABLE_DEBUG_INFO = YES;
				ONLY_ACTIVE_ARCH = YES;
				SDKROOT = macosx;
			};
			name = Debug;
		};
		FD1DC79C202BA6BC002C32B6 /* Release */ = {
			isa = XCBuildConfiguration;
			buildSettings = {
				ALWAYS_SEARCH_USER_PATHS = NO;
				CLANG_ANALYZER_NONNULL = YES;
				CLANG_ANALYZER_NUMBER_OBJECT_CONVERSION = YES_AGGRESSIVE;
				CLANG_CXX_LANGUAGE_STANDARD = "gnu++14";
				CLANG_CXX_LIBRARY = "libc++";
				CLANG_ENABLE_MODULES = YES;
				CLANG_ENABLE_OBJC_ARC = YES;
				CLANG_WARN_BLOCK_CAPTURE_AUTORELEASING = YES;
				CLANG_WARN_BOOL_CONVERSION = YES;
				CLANG_WARN_COMMA = YES;
				CLANG_WARN_CONSTANT_CONVERSION = YES;
				CLANG_WARN_DIRECT_OBJC_ISA_USAGE = YES_ERROR;
				CLANG_WARN_DOCUMENTATION_COMMENTS = YES;
				CLANG_WARN_EMPTY_BODY = YES;
				CLANG_WARN_ENUM_CONVERSION = YES;
				CLANG_WARN_INFINITE_RECURSION = YES;
				CLANG_WARN_INT_CONVERSION = YES;
				CLANG_WARN_NON_LITERAL_NULL_CONVERSION = YES;
				CLANG_WARN_OBJC_LITERAL_CONVERSION = YES;
				CLANG_WARN_OBJC_ROOT_CLASS = YES_ERROR;
				CLANG_WARN_RANGE_LOOP_ANALYSIS = YES;
				CLANG_WARN_STRICT_PROTOTYPES = YES;
				CLANG_WARN_SUSPICIOUS_MOVE = YES;
				CLANG_WARN_UNGUARDED_AVAILABILITY = YES_AGGRESSIVE;
				CLANG_WARN_UNREACHABLE_CODE = YES;
				CLANG_WARN__DUPLICATE_METHOD_MATCH = YES;
				CODE_SIGN_IDENTITY = "Mac Developer";
				COPY_PHASE_STRIP = NO;
				DEBUG_INFORMATION_FORMAT = "dwarf-with-dsym";
				ENABLE_NS_ASSERTIONS = NO;
				ENABLE_STRICT_OBJC_MSGSEND = YES;
				GCC_C_LANGUAGE_STANDARD = gnu11;
				GCC_NO_COMMON_BLOCKS = YES;
				GCC_WARN_64_TO_32_BIT_CONVERSION = YES;
				GCC_WARN_ABOUT_RETURN_TYPE = YES_ERROR;
				GCC_WARN_UNDECLARED_SELECTOR = YES;
				GCC_WARN_UNINITIALIZED_AUTOS = YES_AGGRESSIVE;
				GCC_WARN_UNUSED_FUNCTION = YES;
				GCC_WARN_UNUSED_VARIABLE = YES;
				MACOSX_DEPLOYMENT_TARGET = 10.13;
				MTL_ENABLE_DEBUG_INFO = NO;
				SDKROOT = macosx;
			};
			name = Release;
		};
		FD1DC79E202BA6BC002C32B6 /* Debug */ = {
			isa = XCBuildConfiguration;
			buildSettings = {
				CODE_SIGN_STYLE = Automatic;
				DEVELOPMENT_TEAM = 78TASWK279;
				PRODUCT_NAME = "$(TARGET_NAME)";
			};
			name = Debug;
		};
		FD1DC79F202BA6BC002C32B6 /* Release */ = {
			isa = XCBuildConfiguration;
			buildSettings = {
				CODE_SIGN_STYLE = Automatic;
				DEVELOPMENT_TEAM = 78TASWK279;
				PRODUCT_NAME = "$(TARGET_NAME)";
			};
			name = Release;
		};
/* End XCBuildConfiguration section */

/* Begin XCConfigurationList section */
		FD1DC791202BA6BC002C32B6 /* Build configuration list for PBXProject "lab5" */ = {
			isa = XCConfigurationList;
			buildConfigurations = (
				FD1DC79B202BA6BC002C32B6 /* Debug */,
				FD1DC79C202BA6BC002C32B6 /* Release */,
			);
			defaultConfigurationIsVisible = 0;
			defaultConfigurationName = Release;
		};
		FD1DC79D202BA6BC002C32B6 /* Build configuration list for PBXNativeTarget "lab5" */ = {
			isa = XCConfigurationList;
			buildConfigurations = (
				FD1DC79E202BA6BC002C32B6 /* Debug */,
				FD1DC79F202BA6BC002C32B6 /* Release */,
			);
			defaultConfigurationIsVisible = 0;
			defaultConfigurationName = Release;
		};
/* End XCConfigurationList section */
	};
	rootObject = FD1DC78E202BA6BC002C32B6 /* Project object */;
}
